
Microsoft Visual Studio Solution File, Format Version 12.00
# Visual Studio Version 16
VisualStudioVersion = 16.0.31624.102
MinimumVisualStudioVersion = 10.0.40219.1
Project("{FAE04EC0-301F-11D3-BF4B-00C04F79EFBC}") = "GeneralStoreApi", "GeneralStoreApi\GeneralStoreApi.csproj", "{19784FFB-4D80-4ADE-96E6-2A2781C0A116}"
EndProject
Global
	GlobalSection(SolutionConfigurationPlatforms) = preSolution
		Debug|Any CPU = Debug|Any CPU
		Release|Any CPU = Release|Any CPU
	EndGlobalSection
	GlobalSection(ProjectConfigurationPlatforms) = postSolution
		{19784FFB-4D80-4ADE-96E6-2A2781C0A116}.Debug|Any CPU.ActiveCfg = Debug|Any CPU
		{19784FFB-4D80-4ADE-96E6-2A2781C0A116}.Debug|Any CPU.Build.0 = Debug|Any CPU
		{19784FFB-4D80-4ADE-96E6-2A2781C0A116}.Release|Any CPU.ActiveCfg = Release|Any CPU
		{19784FFB-4D80-4ADE-96E6-2A2781C0A116}.Release|Any CPU.Build.0 = Release|Any CPU
	EndGlobalSection
	GlobalSection(SolutionProperties) = preSolution
		HideSolutionNode = FALSE
	EndGlobalSection
	GlobalSection(ExtensibilityGlobals) = postSolution
		SolutionGuid = {795DAC9D-5849-425B-B984-17FF017E8770}
	EndGlobalSection
EndGlobal
